
Microsoft Visual Studio Solution File, Format Version 12.00
# Visual Studio Version 17
VisualStudioVersion = 17.11.35312.102
MinimumVisualStudioVersion = 10.0.40219.1
Project("{FAE04EC0-301F-11D3-BF4B-00C04F79EFBC}") = "LabTasks(Arrays)", "LabTasks(Arrays)\LabTasks(Arrays).csproj", "{8303E506-9C65-4251-9BE4-370889BC982D}"
EndProject
Global
	GlobalSection(SolutionConfigurationPlatforms) = preSolution
		Debug|Any CPU = Debug|Any CPU
		Release|Any CPU = Release|Any CPU
	EndGlobalSection
	GlobalSection(ProjectConfigurationPlatforms) = postSolution
		{8303E506-9C65-4251-9BE4-370889BC982D}.Debug|Any CPU.ActiveCfg = Debug|Any CPU
		{8303E506-9C65-4251-9BE4-370889BC982D}.Debug|Any CPU.Build.0 = Debug|Any CPU
		{8303E506-9C65-4251-9BE4-370889BC982D}.Release|Any CPU.ActiveCfg = Release|Any CPU
		{8303E506-9C65-4251-9BE4-370889BC982D}.Release|Any CPU.Build.0 = Release|Any CPU
	EndGlobalSection
	GlobalSection(SolutionProperties) = preSolution
		HideSolutionNode = FALSE
	EndGlobalSection
	GlobalSection(ExtensibilityGlobals) = postSolution
		SolutionGuid = {5849001B-981E-4480-B7A4-BA227FA0147C}
	EndGlobalSection
EndGlobal
